{
  "name": "site",
  "version": "1.0.0",
  "lockfileVersion": 1,
  "requires": true,
  "dependencies": {
    "@uirouter/angularjs": {
      "version": "1.0.15",
      "resolved": "https://registry.npmjs.org/@uirouter/angularjs/-/angularjs-1.0.15.tgz",
      "integrity": "sha512-qV+fz+OV5WRNNCXfeVO7nEcSSNESXOxLC0lXM9sv+IwTW6gyiynZ2wHP7fP2ETbr20sPxtbFC+kMVLzyiw/yIg==",
      "requires": {
        "@uirouter/core": "5.0.17"
      }
    },
    "@uirouter/core": {
      "version": "5.0.17",
      "resolved": "https://registry.npmjs.org/@uirouter/core/-/core-5.0.17.tgz",
      "integrity": "sha512-aJOSpaRbctGw24Mh74sonLwCyskl7KzFz7M0jRDqrd+eHZK6s/xxi4ZSNuGHRy6kF4x7195buQSJEo7u82t+rA=="
    },
    "angular": {
      "version": "1.6.10",
      "resolved": "https://registry.npmjs.org/angular/-/angular-1.6.10.tgz",
      "integrity": "sha512-PCZ5/hVdvPQiYyH0VwsPjrErPHRcITnaXxhksceOXgtJeesKHLA7KDu4X/yvcAi+1zdGgGF+9pDxkJvghXI9Wg=="
    },
    "angular-route": {
      "version": "1.6.10",
      "resolved": "https://registry.npmjs.org/angular-route/-/angular-route-1.6.10.tgz",
      "integrity": "sha512-BxjrjQNCbVqQKyB3nHjNI8zSUwhnQWFZnSBv5BZ336VbMKhWu74ad5xpFx5VMk6WyHlmMGDoRagzB6AKkRcvKA==",
      "dev": true
    },
    "jquery": {
      "version": "3.3.1",
      "resolved": "https://registry.npmjs.org/jquery/-/jquery-3.3.1.tgz",
      "integrity": "sha512-Ubldcmxp5np52/ENotGxlLe6aGMvmF4R8S6tZjsP6Knsaxd/xp3Zrh50cG93lR6nPXyUFwzN3ZSOQI0wRJNdGg=="
    },
    "materialize-css": {
      "version": "1.0.0-rc.1",
      "resolved": "https://registry.npmjs.org/materialize-css/-/materialize-css-1.0.0-rc.1.tgz",
      "integrity": "sha512-YzxLgNrkaE6QKMtrjZG3ogQy64S23u3aXvwGEt5JBoGpI1jni9WIM3U8xhuZUtgUjHuCMdRqrRnA5BtUrV0wrg=="
    }
  }
}
